{
  "name": "securebankingsystem",
  "version": "1.0.0",
  "lockfileVersion": 1,
  "requires": true,
  "dependencies": {
    "getmdl-select": {
      "version": "2.0.1",
      "resolved": "https://registry.npmjs.org/getmdl-select/-/getmdl-select-2.0.1.tgz",
      "integrity": "sha1-S9vXf9/T57LD+sUDoy0lsIcuEyE=",
      "requires": {
        "material-design-lite": "^1.1.3"
      }
    },
    "material-design-lite": {
      "version": "1.3.0",
      "resolved": "https://registry.npmjs.org/material-design-lite/-/material-design-lite-1.3.0.tgz",
      "integrity": "sha1-0ATOP+6Zoe63Sni4oyUTSl8RcdM="
    }
  }
}
